# generated by rye
# use `rye lock` or `rye sync` to update this lockfile
#
# last locked with the following flags:
#   pre: false
#   features: []
#   all-features: false
#   with-sources: false
#   generate-hashes: false
#   universal: false

-e file:.
click==8.1.7
    # via switch
huey==2.5.1
    # via switch
pyftpdlib==1.5.10
    # via switch
watchdog==4.0.1
    # via switch
